
Microsoft Visual Studio Solution File, Format Version 12.00
# Visual Studio Version 17
VisualStudioVersion = 17.9.34622.214
MinimumVisualStudioVersion = 10.0.40219.1
Project("{FAE04EC0-301F-11D3-BF4B-00C04F79EFBC}") = "TestWebApp", "TestWebApp.csproj", "{2CE482A0-024E-418D-8FCE-8C656856EC65}"
EndProject
Global
	GlobalSection(SolutionConfigurationPlatforms) = preSolution
		Debug|Any CPU = Debug|Any CPU
		Release|Any CPU = Release|Any CPU
	EndGlobalSection
	GlobalSection(ProjectConfigurationPlatforms) = postSolution
		{2CE482A0-024E-418D-8FCE-8C656856EC65}.Debug|Any CPU.ActiveCfg = Debug|Any CPU
		{2CE482A0-024E-418D-8FCE-8C656856EC65}.Debug|Any CPU.Build.0 = Debug|Any CPU
		{2CE482A0-024E-418D-8FCE-8C656856EC65}.Release|Any CPU.ActiveCfg = Release|Any CPU
		{2CE482A0-024E-418D-8FCE-8C656856EC65}.Release|Any CPU.Build.0 = Release|Any CPU
	EndGlobalSection
	GlobalSection(SolutionProperties) = preSolution
		HideSolutionNode = FALSE
	EndGlobalSection
	GlobalSection(ExtensibilityGlobals) = postSolution
		SolutionGuid = {1B353A8C-8B92-4860-A4A7-CC74926F0A91}
	EndGlobalSection
EndGlobal
